
Microsoft Visual Studio Solution File, Format Version 12.00
# Visual Studio Version 16
VisualStudioVersion = 16.0.30523.141
MinimumVisualStudioVersion = 10.0.40219.1
Project("{9A19103F-16F7-4668-BE54-9A1E7A4F7556}") = "FastHtmlToPdf", "FastHtmlToPdf.csproj", "{E88EFBA3-59AB-4617-879E-C58AD2FF523B}"
EndProject
Project("{FAE04EC0-301F-11D3-BF4B-00C04F79EFBC}") = "Test", "..\Test\Test.csproj", "{B7162BC8-7F7E-4DFA-8F95-107F7647EAD4}"
EndProject
Global
	GlobalSection(SolutionConfigurationPlatforms) = preSolution
		Debug|Any CPU = Debug|Any CPU
		Release|Any CPU = Release|Any CPU
	EndGlobalSection
	GlobalSection(ProjectConfigurationPlatforms) = postSolution
		{E88EFBA3-59AB-4617-879E-C58AD2FF523B}.Debug|Any CPU.ActiveCfg = Debug|Any CPU
		{E88EFBA3-59AB-4617-879E-C58AD2FF523B}.Debug|Any CPU.Build.0 = Debug|Any CPU
		{E88EFBA3-59AB-4617-879E-C58AD2FF523B}.Release|Any CPU.ActiveCfg = Release|Any CPU
		{E88EFBA3-59AB-4617-879E-C58AD2FF523B}.Release|Any CPU.Build.0 = Release|Any CPU
		{B7162BC8-7F7E-4DFA-8F95-107F7647EAD4}.Debug|Any CPU.ActiveCfg = Debug|Any CPU
		{B7162BC8-7F7E-4DFA-8F95-107F7647EAD4}.Debug|Any CPU.Build.0 = Debug|Any CPU
		{B7162BC8-7F7E-4DFA-8F95-107F7647EAD4}.Release|Any CPU.ActiveCfg = Release|Any CPU
		{B7162BC8-7F7E-4DFA-8F95-107F7647EAD4}.Release|Any CPU.Build.0 = Release|Any CPU
	EndGlobalSection
	GlobalSection(SolutionProperties) = preSolution
		HideSolutionNode = FALSE
	EndGlobalSection
	GlobalSection(ExtensibilityGlobals) = postSolution
		SolutionGuid = {D2304F11-10C2-46F6-B383-3CFD7C145671}
	EndGlobalSection
EndGlobal
