
Microsoft Visual Studio Solution File, Format Version 12.00
# Visual Studio Version 16
VisualStudioVersion = 16.0.30309.148
MinimumVisualStudioVersion = 10.0.40219.1
Project("{9A19103F-16F7-4668-BE54-9A1E7A4F7556}") = "Fast.Pdf", "Fast.Pdf.csproj", "{BA776A1D-FC54-4269-847E-AE49F6665481}"
EndProject
Project("{9A19103F-16F7-4668-BE54-9A1E7A4F7556}") = "test", "..\test\test.csproj", "{202C6CB0-61F8-42A1-8563-FDF9F31D04CF}"
EndProject
Global
	GlobalSection(SolutionConfigurationPlatforms) = preSolution
		Debug|Any CPU = Debug|Any CPU
		Release|Any CPU = Release|Any CPU
	EndGlobalSection
	GlobalSection(ProjectConfigurationPlatforms) = postSolution
		{BA776A1D-FC54-4269-847E-AE49F6665481}.Debug|Any CPU.ActiveCfg = Debug|Any CPU
		{BA776A1D-FC54-4269-847E-AE49F6665481}.Debug|Any CPU.Build.0 = Debug|Any CPU
		{BA776A1D-FC54-4269-847E-AE49F6665481}.Release|Any CPU.ActiveCfg = Release|Any CPU
		{BA776A1D-FC54-4269-847E-AE49F6665481}.Release|Any CPU.Build.0 = Release|Any CPU
		{202C6CB0-61F8-42A1-8563-FDF9F31D04CF}.Debug|Any CPU.ActiveCfg = Debug|Any CPU
		{202C6CB0-61F8-42A1-8563-FDF9F31D04CF}.Debug|Any CPU.Build.0 = Debug|Any CPU
		{202C6CB0-61F8-42A1-8563-FDF9F31D04CF}.Release|Any CPU.ActiveCfg = Release|Any CPU
		{202C6CB0-61F8-42A1-8563-FDF9F31D04CF}.Release|Any CPU.Build.0 = Release|Any CPU
	EndGlobalSection
	GlobalSection(SolutionProperties) = preSolution
		HideSolutionNode = FALSE
	EndGlobalSection
	GlobalSection(ExtensibilityGlobals) = postSolution
		SolutionGuid = {05F3CD4F-3B3B-46F0-A523-F803A8B6274B}
	EndGlobalSection
EndGlobal
